<?xml version="1.0" encoding="utf-8"?>
<Project ToolsVersion="4.0" xmlns="http://schemas.microsoft.com/developer/msbuild/2003">
  <ItemGroup>
    <Filter Include="src">
      <UniqueIdentifier>{6922e294-9e29-41f9-adb2-107eadd44cc8}</UniqueIdentifier>
    </Filter>
    <Filter Include="src\event">
      <UniqueIdentifier>{6bb7d5f4-7cd3-4cc2-a150-382cfbf0909e}</UniqueIdentifier>
    </Filter>
  </ItemGroup>
  <ItemGroup>
    <ClInclude Include="src\event\PlayerChatEvent.h">
      <Filter>src\event</Filter>
    </ClInclude>
    <ClInclude Include="src\event\PlayerMoveEvent.h">
      <Filter>src\event</Filter>
    </ClInclude>
    <ClInclude Include="src\event\Event.h">
      <Filter>src\event</Filter>
    </ClInclude>
    <ClInclude Include="src\event\EventBus.h">
      <Filter>src\event</Filter>
    </ClInclude>
    <ClInclude Include="src\event\EventHandler.h">
      <Filter>src\event</Filter>
    </ClInclude>
    <ClInclude Include="src\event\HandlerRegistration.h">
      <Filter>src\event</Filter>
    </ClInclude>
    <ClInclude Include="src\event\Object.h">
      <Filter>src\event</Filter>
    </ClInclude>
    <ClInclude Include="src\Player.h">
      <Filter>src</Filter>
    </ClInclude>
  </ItemGroup>
  <ItemGroup>
    <ClCompile Include="src\event\EventBus.cpp">
      <Filter>src\event</Filter>
    </ClCompile>
    <ClCompile Include="src\Main.cpp">
      <Filter>src</Filter>
    </ClCompile>
  </ItemGroup>
</Project>