<?xml version="1.0" encoding="utf-8"?>
<Project ToolsVersion="4.0" xmlns="http://schemas.microsoft.com/developer/msbuild/2003">
  <ItemGroup>
    <Filter Include="include/eventbus">
      <UniqueIdentifier>{c6cf2beb-4821-43bb-8059-050b355aa6d0}</UniqueIdentifier>
    </Filter>
  </ItemGroup>
  <ItemGroup>
    <ClInclude Include="include\eventbus\EventBus.h">
      <Filter>include/eventbus</Filter>
    </ClInclude>
    <ClInclude Include="include\eventbus\EventHandler.h">
      <Filter>include/eventbus</Filter>
    </ClInclude>
    <ClInclude Include="include\eventbus\HandlerRegistration.h">
      <Filter>include/eventbus</Filter>
    </ClInclude>
    <ClInclude Include="include\eventbus\RoutedEvent.h">
      <Filter>include/eventbus</Filter>
    </ClInclude>
    <ClInclude Include="include\eventbus\CancelableEvent.h">
      <Filter>include/eventbus</Filter>
    </ClInclude>
    <ClInclude Include="include\eventbus\EventSubscription.h">
      <Filter>include/eventbus</Filter>
    </ClInclude>
    <ClInclude Include="include\eventbus\SubscriptionDescriptor.h">
      <Filter>include/eventbus</Filter>
    </ClInclude>
  </ItemGroup>
</Project>